Microsoft Visual Studio Solution File, Format Version 12.00
# Visual Studio Version 17
VisualStudioVersion = 17.5.2.0
MinimumVisualStudioVersion = 10.0.40219.1
Project("{FAE04EC0-301F-11D3-BF4B-00C04F79EFBC}") = "TelemetryTestApi", "TelemetryTestApi\TelemetryTestApi.csproj", "{EFFDA2A6-E625-DA4C-3901-A17CA964872F}"
EndProject
Global
	GlobalSection(SolutionConfigurationPlatforms) = preSolution
		Debug|Any CPU = Debug|Any CPU
		Release|Any CPU = Release|Any CPU
	EndGlobalSection
	GlobalSection(ProjectConfigurationPlatforms) = postSolution
		{EFFDA2A6-E625-DA4C-3901-A17CA964872F}.Debug|Any CPU.ActiveCfg = Debug|Any CPU
		{EFFDA2A6-E625-DA4C-3901-A17CA964872F}.Debug|Any CPU.Build.0 = Debug|Any CPU
		{EFFDA2A6-E625-DA4C-3901-A17CA964872F}.Release|Any CPU.ActiveCfg = Release|Any CPU
		{EFFDA2A6-E625-DA4C-3901-A17CA964872F}.Release|Any CPU.Build.0 = Release|Any CPU
	EndGlobalSection
	GlobalSection(SolutionProperties) = preSolution
		HideSolutionNode = FALSE
	EndGlobalSection
	GlobalSection(ExtensibilityGlobals) = postSolution
		SolutionGuid = {C23DB8D8-9D64-43C9-A6F3-EC4CE7A277B7}
	EndGlobalSection
EndGlobal
